
Microsoft Visual Studio Solution File, Format Version 10.00
# Visual Basic Express 2008
Project("{F184B08F-C81C-45F6-A57F-5ABD9991F28F}") = "Project1", "Project1.vbproj", "{C6F54FE5-2EED-4CC2-A2CE-47DFDB7D863C}"
EndProject
Global
	GlobalSection(SolutionConfigurationPlatforms) = preSolution
		Debug|Any CPU = Debug|Any CPU
		Release|Any CPU = Release|Any CPU
	EndGlobalSection
	GlobalSection(ProjectConfigurationPlatforms) = postSolution
		{C6F54FE5-2EED-4CC2-A2CE-47DFDB7D863C}.Debug|Any CPU.ActiveCfg = Debug|Any CPU
		{C6F54FE5-2EED-4CC2-A2CE-47DFDB7D863C}.Debug|Any CPU.Build.0 = Debug|Any CPU
		{C6F54FE5-2EED-4CC2-A2CE-47DFDB7D863C}.Release|Any CPU.ActiveCfg = Release|Any CPU
		{C6F54FE5-2EED-4CC2-A2CE-47DFDB7D863C}.Release|Any CPU.Build.0 = Release|Any CPU
	EndGlobalSection
	GlobalSection(SolutionProperties) = preSolution
		HideSolutionNode = FALSE
	EndGlobalSection
EndGlobal
